github.com/odvcencio/gotreesitter v0.48.1 h1:Pjd2GAf4I5G9K9t+DFDLvwXVsvRatqLox1p29nfTwF4=
github.com/odvcencio/gotreesitter v0.48.1/go.mod h1:hBVkghd0paaYAVwd2087vfwdeU984bQbMo9LvpE0moo=
github.com/richardwooding/codemetrics v0.12.5 h1:k+9XiZvmPTJ+fEh8PKFTBqsqHBGSf+YcDVDHTiR/kyc=
github.com/richardwooding/codemetrics v0.12.5/go.mod h1:puTChmxjEXasxQ5sLMZ+F7xRtyT/kp1EAReNEi3sznQ=
