github.com/odvcencio/gotreesitter v0.55.0 h1:z9sc77Z6Cabq10DuLtmQVG3NKwAxw/aqWVLS0VxAXus=
github.com/odvcencio/gotreesitter v0.55.0/go.mod h1:hBVkghd0paaYAVwd2087vfwdeU984bQbMo9LvpE0moo=
github.com/richardwooding/codemetrics v0.13.1 h1:btIR9oQ6BCTdfN13tsaPoKkVIDC50RXTo0YqJ39EtFc=
github.com/richardwooding/codemetrics v0.13.1/go.mod h1:ugEDOkSVsFGsOULiJTsklDyL4wc3QYRYsmCBUuLmLqQ=
