github.com/odvcencio/gotreesitter v0.51.0 h1:tSAcoC1wGyCIOgXF5BgwjiTgA+UW8jW2Lb15wDyXRWk=
github.com/odvcencio/gotreesitter v0.51.0/go.mod h1:hBVkghd0paaYAVwd2087vfwdeU984bQbMo9LvpE0moo=
github.com/richardwooding/codemetrics v0.12.7 h1:kS7zCeOFG1DdOuR7aU0+pXZLpihDg/nAiC8Jw/fttkg=
github.com/richardwooding/codemetrics v0.12.7/go.mod h1:q/HUjzORy7H3iHsRUyYGKndh/lMQthORhw0Cx8YVGgY=
